{
  "name": "buildingBlocks",
  "version": "1.0.0",
  "lockfileVersion": 1,
  "requires": true,
  "dependencies": {
    "types-for-adobe": {
      "version": "7.0.7",
      "resolved": "https://registry.npmjs.org/types-for-adobe/-/types-for-adobe-7.0.7.tgz",
      "integrity": "sha512-gj5LMYiCNXdPknhcK37h+WXvv8p20mZC02Y+JSlwcsThY3Mc+JmIkuV9Q9OXpqtqLoAPcdJVpysXmAtFC7VTBQ==",
      "dev": true
    },
    "typescript": {
      "version": "4.9.3",
      "resolved": "https://registry.npmjs.org/typescript/-/typescript-4.9.3.tgz",
      "integrity": "sha512-CIfGzTelbKNEnLpLdGFgdyKhG23CKdKgQPOBc+OUNrkJ2vr+KSzsSV5kq5iWhEQbok+quxgGzrAtGWCyU7tHnA==",
      "dev": true
    }
  }
}
